# This file is automatically @generated by Poetry 2.1.1 and should not be changed by hand.

[[package]]
name = "currencyconverter"
version = "0.18.9"
description = "A currency converter using the European Central Bank data."
optional = false
python-versions = ">=3.9"
groups = ["main"]
files = [
    {file = "currencyconverter-0.18.9-py3-none-any.whl", hash = "sha256:56b4ef022c6e9a95d5f9ac793b732d2bd394e5a7bed7603f029b5778a2bfdff2"},
    {file = "currencyconverter-0.18.9.tar.gz", hash = "sha256:830bb1f4d66da171001cac850e47f97ee08e59af49b0008d77101b77bc77ed58"},
]

[metadata]
lock-version = "2.1"
python-versions = ">=3.13"
content-hash = "367041354d5d8d5751448564f908efe464e97c9582c4405f5c1db91c15839aa9"
